Microsoft Visual Studio Solution File, Format Version 12.00
# Visual Studio Version 17
VisualStudioVersion = 17.0.31903.59
MinimumVisualStudioVersion = 10.0.40219.1
Project("{2150E333-8FDC-42A3-9474-1A3956D46DE8}") = "1-Presentation", "1-Presentation", "{629E70C3-503C-ED8D-D89C-9C8184ADA427}"
EndProject
Project("{FAE04EC0-301F-11D3-BF4B-00C04F79EFBC}") = "VianaHub.VianaID.Api", "src\VianaHub.VianaID.Api\VianaHub.VianaID.Api.csproj", "{F6CB92F9-18BA-48C0-AAB0-F4FAB2E767E1}"
EndProject
Project("{2150E333-8FDC-42A3-9474-1A3956D46DE8}") = "2-Application", "2-Application", "{2AD92386-79E5-699F-F58F-FD6FA6A6916E}"
EndProject
Project("{FAE04EC0-301F-11D3-BF4B-00C04F79EFBC}") = "VianaHub.VianaID.Application", "src\VianaHub.VianaID.Application\VianaHub.VianaID.Application.csproj", "{7F5FBF22-7508-4A92-A300-4AF48F2B626A}"
EndProject
Project("{2150E333-8FDC-42A3-9474-1A3956D46DE8}") = "3-Domain", "3-Domain", "{2420C803-290B-F142-B73B-E5BA85E34988}"
EndProject
Project("{FAE04EC0-301F-11D3-BF4B-00C04F79EFBC}") = "VianaHub.VianaID.Domain", "src\VianaHub.VianaID.Domain\VianaHub.VianaID.Domain.csproj", "{853D8ECC-CA25-4753-918B-691B4660CDC2}"
EndProject
Project("{2150E333-8FDC-42A3-9474-1A3956D46DE8}") = "4-Infra", "4-Infra", "{C263FC6A-B645-7249-9C52-1318A4A3D2CA}"
EndProject
Project("{FAE04EC0-301F-11D3-BF4B-00C04F79EFBC}") = "VianaHub.VianaID.Infra.Data", "src\VianaHub.VianaID.Infra.Data\VianaHub.VianaID.Infra.Data.csproj", "{9E92DBFB-AD41-4210-AD01-09B9293885EC}"
EndProject
Project("{FAE04EC0-301F-11D3-BF4B-00C04F79EFBC}") = "VianaHub.VianaID.Infra.Integration", "src\VianaHub.VianaID.Infra.Integration\VianaHub.VianaID.Infra.Integration.csproj", "{29680E93-71BD-4586-813B-5BBE85DCD37F}"
EndProject
Project("{FAE04EC0-301F-11D3-BF4B-00C04F79EFBC}") = "VianaHub.VianaID.Infra.IoC", "src\VianaHub.VianaID.Infra.IoC\VianaHub.VianaID.Infra.IoC.csproj", "{60B29F1C-7BD6-42E4-AF55-64A54B83C125}"
EndProject
Project("{2150E333-8FDC-42A3-9474-1A3956D46DE8}") = "5-Tests", "5-Tests", "{3DE317BB-6F5C-8DC8-3308-7F794E1E843A}"
EndProject
Project("{FAE04EC0-301F-11D3-BF4B-00C04F79EFBC}") = "VianaHub.VianaID.Tests", "tests\VianaHub.VianaID.Tests\VianaHub.VianaID.Tests.csproj", "{A952FB1A-D7C2-41C7-BE89-26B8E1D661BC}"
EndProject
Project("{2150E333-8FDC-42A3-9474-1A3956D46DE8}") = "6-Docs", "6-Docs", "{02EA681E-C7D8-13C7-8484-4AC65E1B71E8}"
	ProjectSection(SolutionItems) = preProject
		docs\ARCHITECTURE.md = docs\ARCHITECTURE.md
	EndProjectSection
EndProject
Project("{2150E333-8FDC-42A3-9474-1A3956D46DE8}") = "RN", "RN", "{F43E2940-1CDD-4B00-A24D-577E3A843BD6}"
	ProjectSection(SolutionItems) = preProject
		docs\rn\00-code-generation-business-rules.md = docs\rn\00-code-generation-business-rules.md
		docs\rn\01-plan-business-rules.md = docs\rn\01-plan-business-rules.md
		docs\rn\02-tenant-business-rules.md = docs\rn\02-tenant-business-rules.md
		docs\rn\03-subscription-business-rules.md = docs\rn\03-subscription-business-rules.md
		docs\rn\04-category-business-rules.md = docs\rn\04-category-business-rules.md
		docs\rn\05-application-business-rules.md = docs\rn\05-application-business-rules.md
		docs\rn\08-user-accounts-business-rules.md = docs\rn\08-user-accounts-business-rules.md
		docs\rn\10-user-sessions-business-rules.md = docs\rn\10-user-sessions-business-rules.md
		docs\rn\11-resource-business-rules.md = docs\rn\11-resource-business-rules.md
		docs\rn\12-action-business-rules.md = docs\rn\12-action-business-rules.md
		docs\rn\13-permission-business-rules.md = docs\rn\13-permission-business-rules.md
		docs\rn\14-application-role-business-rules.md = docs\rn\14-application-role-business-rules.md
		docs\rn\15-role-permission-business-rules.md = docs\rn\15-role-permission-business-rules.md
		docs\rn\16-user-application-role-business-rules.md = docs\rn\16-user-application-role-business-rules.md
		docs\rn\26-background-job-definition-business-rules.md = docs\rn\26-background-job-definition-business-rules.md
		docs\rn\27-jwt-key-management-business-rules.md = docs\rn\27-jwt-key-management-business-rules.md
	EndProjectSection
EndProject
Project("{2150E333-8FDC-42A3-9474-1A3956D46DE8}") = "SQL", "SQL", "{3FDD42D4-D055-447A-B68D-8EDD7774212C}"
	ProjectSection(SolutionItems) = preProject
		docs\sql\Create Tables-v1.sql = docs\sql\Create Tables-v1.sql
		docs\sql\Create Tables-v2.sql = docs\sql\Create Tables-v2.sql
		sql\Create Tables.sql = sql\Create Tables.sql
		sql\Detete Tables.sql = sql\Detete Tables.sql
		sql\Estrutura Banco.sql = sql\Estrutura Banco.sql
		sql\Estrutura Table.sql = sql\Estrutura Table.sql
	EndProjectSection
EndProject
Project("{FAE04EC0-301F-11D3-BF4B-00C04F79EFBC}") = "VianaHub.VianaID.Infra.Job", "src\VianaHub.VianaID.Infra.Job\VianaHub.VianaID.Infra.Job.csproj", "{5A83214A-1ED5-48CF-B29E-FC2DB251DFFE}"
EndProject
Global
	GlobalSection(SolutionConfigurationPlatforms) = preSolution
		Debug|Any CPU = Debug|Any CPU
		Debug|x64 = Debug|x64
		Debug|x86 = Debug|x86
		Release|Any CPU = Release|Any CPU
		Release|x64 = Release|x64
		Release|x86 = Release|x86
	EndGlobalSection
	GlobalSection(ProjectConfigurationPlatforms) = postSolution
		{F6CB92F9-18BA-48C0-AAB0-F4FAB2E767E1}.Debug|Any CPU.ActiveCfg = Debug|Any CPU
		{F6CB92F9-18BA-48C0-AAB0-F4FAB2E767E1}.Debug|Any CPU.Build.0 = Debug|Any CPU
		{F6CB92F9-18BA-48C0-AAB0-F4FAB2E767E1}.Debug|x64.ActiveCfg = Debug|Any CPU
		{F6CB92F9-18BA-48C0-AAB0-F4FAB2E767E1}.Debug|x64.Build.0 = Debug|Any CPU
		{F6CB92F9-18BA-48C0-AAB0-F4FAB2E767E1}.Debug|x86.ActiveCfg = Debug|Any CPU
		{F6CB92F9-18BA-48C0-AAB0-F4FAB2E767E1}.Debug|x86.Build.0 = Debug|Any CPU
		{F6CB92F9-18BA-48C0-AAB0-F4FAB2E767E1}.Release|Any CPU.ActiveCfg = Release|Any CPU
		{F6CB92F9-18BA-48C0-AAB0-F4FAB2E767E1}.Release|Any CPU.Build.0 = Release|Any CPU
		{F6CB92F9-18BA-48C0-AAB0-F4FAB2E767E1}.Release|x64.ActiveCfg = Release|Any CPU
		{F6CB92F9-18BA-48C0-AAB0-F4FAB2E767E1}.Release|x64.Build.0 = Release|Any CPU
		{F6CB92F9-18BA-48C0-AAB0-F4FAB2E767E1}.Release|x86.ActiveCfg = Release|Any CPU
		{F6CB92F9-18BA-48C0-AAB0-F4FAB2E767E1}.Release|x86.Build.0 = Release|Any CPU
		{7F5FBF22-7508-4A92-A300-4AF48F2B626A}.Debug|Any CPU.ActiveCfg = Debug|Any CPU
		{7F5FBF22-7508-4A92-A300-4AF48F2B626A}.Debug|Any CPU.Build.0 = Debug|Any CPU
		{7F5FBF22-7508-4A92-A300-4AF48F2B626A}.Debug|x64.ActiveCfg = Debug|Any CPU
		{7F5FBF22-7508-4A92-A300-4AF48F2B626A}.Debug|x64.Build.0 = Debug|Any CPU
		{7F5FBF22-7508-4A92-A300-4AF48F2B626A}.Debug|x86.ActiveCfg = Debug|Any CPU
		{7F5FBF22-7508-4A92-A300-4AF48F2B626A}.Debug|x86.Build.0 = Debug|Any CPU
		{7F5FBF22-7508-4A92-A300-4AF48F2B626A}.Release|Any CPU.ActiveCfg = Release|Any CPU
		{7F5FBF22-7508-4A92-A300-4AF48F2B626A}.Release|Any CPU.Build.0 = Release|Any CPU
		{7F5FBF22-7508-4A92-A300-4AF48F2B626A}.Release|x64.ActiveCfg = Release|Any CPU
		{7F5FBF22-7508-4A92-A300-4AF48F2B626A}.Release|x64.Build.0 = Release|Any CPU
		{7F5FBF22-7508-4A92-A300-4AF48F2B626A}.Release|x86.ActiveCfg = Release|Any CPU
		{7F5FBF22-7508-4A92-A300-4AF48F2B626A}.Release|x86.Build.0 = Release|Any CPU
		{853D8ECC-CA25-4753-918B-691B4660CDC2}.Debug|Any CPU.ActiveCfg = Debug|Any CPU
		{853D8ECC-CA25-4753-918B-691B4660CDC2}.Debug|Any CPU.Build.0 = Debug|Any CPU
		{853D8ECC-CA25-4753-918B-691B4660CDC2}.Debug|x64.ActiveCfg = Debug|Any CPU
		{853D8ECC-CA25-4753-918B-691B4660CDC2}.Debug|x64.Build.0 = Debug|Any CPU
		{853D8ECC-CA25-4753-918B-691B4660CDC2}.Debug|x86.ActiveCfg = Debug|Any CPU
		{853D8ECC-CA25-4753-918B-691B4660CDC2}.Debug|x86.Build.0 = Debug|Any CPU
		{853D8ECC-CA25-4753-918B-691B4660CDC2}.Release|Any CPU.ActiveCfg = Release|Any CPU
		{853D8ECC-CA25-4753-918B-691B4660CDC2}.Release|Any CPU.Build.0 = Release|Any CPU
		{853D8ECC-CA25-4753-918B-691B4660CDC2}.Release|x64.ActiveCfg = Release|Any CPU
		{853D8ECC-CA25-4753-918B-691B4660CDC2}.Release|x64.Build.0 = Release|Any CPU
		{853D8ECC-CA25-4753-918B-691B4660CDC2}.Release|x86.ActiveCfg = Release|Any CPU
		{853D8ECC-CA25-4753-918B-691B4660CDC2}.Release|x86.Build.0 = Release|Any CPU
		{9E92DBFB-AD41-4210-AD01-09B9293885EC}.Debug|Any CPU.ActiveCfg = Debug|Any CPU
		{9E92DBFB-AD41-4210-AD01-09B9293885EC}.Debug|Any CPU.Build.0 = Debug|Any CPU
		{9E92DBFB-AD41-4210-AD01-09B9293885EC}.Debug|x64.ActiveCfg = Debug|Any CPU
		{9E92DBFB-AD41-4210-AD01-09B9293885EC}.Debug|x64.Build.0 = Debug|Any CPU
		{9E92DBFB-AD41-4210-AD01-09B9293885EC}.Debug|x86.ActiveCfg = Debug|Any CPU
		{9E92DBFB-AD41-4210-AD01-09B9293885EC}.Debug|x86.Build.0 = Debug|Any CPU
		{9E92DBFB-AD41-4210-AD01-09B9293885EC}.Release|Any CPU.ActiveCfg = Release|Any CPU
		{9E92DBFB-AD41-4210-AD01-09B9293885EC}.Release|Any CPU.Build.0 = Release|Any CPU
		{9E92DBFB-AD41-4210-AD01-09B9293885EC}.Release|x64.ActiveCfg = Release|Any CPU
		{9E92DBFB-AD41-4210-AD01-09B9293885EC}.Release|x64.Build.0 = Release|Any CPU
		{9E92DBFB-AD41-4210-AD01-09B9293885EC}.Release|x86.ActiveCfg = Release|Any CPU
		{9E92DBFB-AD41-4210-AD01-09B9293885EC}.Release|x86.Build.0 = Release|Any CPU
		{29680E93-71BD-4586-813B-5BBE85DCD37F}.Debug|Any CPU.ActiveCfg = Debug|Any CPU
		{29680E93-71BD-4586-813B-5BBE85DCD37F}.Debug|Any CPU.Build.0 = Debug|Any CPU
		{29680E93-71BD-4586-813B-5BBE85DCD37F}.Debug|x64.ActiveCfg = Debug|Any CPU
		{29680E93-71BD-4586-813B-5BBE85DCD37F}.Debug|x64.Build.0 = Debug|Any CPU
		{29680E93-71BD-4586-813B-5BBE85DCD37F}.Debug|x86.ActiveCfg = Debug|Any CPU
		{29680E93-71BD-4586-813B-5BBE85DCD37F}.Debug|x86.Build.0 = Debug|Any CPU
		{29680E93-71BD-4586-813B-5BBE85DCD37F}.Release|Any CPU.ActiveCfg = Release|Any CPU
		{29680E93-71BD-4586-813B-5BBE85DCD37F}.Release|Any CPU.Build.0 = Release|Any CPU
		{29680E93-71BD-4586-813B-5BBE85DCD37F}.Release|x64.ActiveCfg = Release|Any CPU
		{29680E93-71BD-4586-813B-5BBE85DCD37F}.Release|x64.Build.0 = Release|Any CPU
		{29680E93-71BD-4586-813B-5BBE85DCD37F}.Release|x86.ActiveCfg = Release|Any CPU
		{29680E93-71BD-4586-813B-5BBE85DCD37F}.Release|x86.Build.0 = Release|Any CPU
		{60B29F1C-7BD6-42E4-AF55-64A54B83C125}.Debug|Any CPU.ActiveCfg = Debug|Any CPU
		{60B29F1C-7BD6-42E4-AF55-64A54B83C125}.Debug|Any CPU.Build.0 = Debug|Any CPU
		{60B29F1C-7BD6-42E4-AF55-64A54B83C125}.Debug|x64.ActiveCfg = Debug|Any CPU
		{60B29F1C-7BD6-42E4-AF55-64A54B83C125}.Debug|x64.Build.0 = Debug|Any CPU
		{60B29F1C-7BD6-42E4-AF55-64A54B83C125}.Debug|x86.ActiveCfg = Debug|Any CPU
		{60B29F1C-7BD6-42E4-AF55-64A54B83C125}.Debug|x86.Build.0 = Debug|Any CPU
		{60B29F1C-7BD6-42E4-AF55-64A54B83C125}.Release|Any CPU.ActiveCfg = Release|Any CPU
		{60B29F1C-7BD6-42E4-AF55-64A54B83C125}.Release|Any CPU.Build.0 = Release|Any CPU
		{60B29F1C-7BD6-42E4-AF55-64A54B83C125}.Release|x64.ActiveCfg = Release|Any CPU
		{60B29F1C-7BD6-42E4-AF55-64A54B83C125}.Release|x64.Build.0 = Release|Any CPU
		{60B29F1C-7BD6-42E4-AF55-64A54B83C125}.Release|x86.ActiveCfg = Release|Any CPU
		{60B29F1C-7BD6-42E4-AF55-64A54B83C125}.Release|x86.Build.0 = Release|Any CPU
		{A952FB1A-D7C2-41C7-BE89-26B8E1D661BC}.Debug|Any CPU.ActiveCfg = Debug|Any CPU
		{A952FB1A-D7C2-41C7-BE89-26B8E1D661BC}.Debug|Any CPU.Build.0 = Debug|Any CPU
		{A952FB1A-D7C2-41C7-BE89-26B8E1D661BC}.Debug|x64.ActiveCfg = Debug|Any CPU
		{A952FB1A-D7C2-41C7-BE89-26B8E1D661BC}.Debug|x64.Build.0 = Debug|Any CPU
		{A952FB1A-D7C2-41C7-BE89-26B8E1D661BC}.Debug|x86.ActiveCfg = Debug|Any CPU
		{A952FB1A-D7C2-41C7-BE89-26B8E1D661BC}.Debug|x86.Build.0 = Debug|Any CPU
		{A952FB1A-D7C2-41C7-BE89-26B8E1D661BC}.Release|Any CPU.ActiveCfg = Release|Any CPU
		{A952FB1A-D7C2-41C7-BE89-26B8E1D661BC}.Release|Any CPU.Build.0 = Release|Any CPU
		{A952FB1A-D7C2-41C7-BE89-26B8E1D661BC}.Release|x64.ActiveCfg = Release|Any CPU
		{A952FB1A-D7C2-41C7-BE89-26B8E1D661BC}.Release|x64.Build.0 = Release|Any CPU
		{A952FB1A-D7C2-41C7-BE89-26B8E1D661BC}.Release|x86.ActiveCfg = Release|Any CPU
		{A952FB1A-D7C2-41C7-BE89-26B8E1D661BC}.Release|x86.Build.0 = Release|Any CPU
		{5A83214A-1ED5-48CF-B29E-FC2DB251DFFE}.Debug|Any CPU.ActiveCfg = Debug|Any CPU
		{5A83214A-1ED5-48CF-B29E-FC2DB251DFFE}.Debug|Any CPU.Build.0 = Debug|Any CPU
		{5A83214A-1ED5-48CF-B29E-FC2DB251DFFE}.Debug|x64.ActiveCfg = Debug|Any CPU
		{5A83214A-1ED5-48CF-B29E-FC2DB251DFFE}.Debug|x64.Build.0 = Debug|Any CPU
		{5A83214A-1ED5-48CF-B29E-FC2DB251DFFE}.Debug|x86.ActiveCfg = Debug|Any CPU
		{5A83214A-1ED5-48CF-B29E-FC2DB251DFFE}.Debug|x86.Build.0 = Debug|Any CPU
		{5A83214A-1ED5-48CF-B29E-FC2DB251DFFE}.Release|Any CPU.ActiveCfg = Release|Any CPU
		{5A83214A-1ED5-48CF-B29E-FC2DB251DFFE}.Release|Any CPU.Build.0 = Release|Any CPU
		{5A83214A-1ED5-48CF-B29E-FC2DB251DFFE}.Release|x64.ActiveCfg = Release|Any CPU
		{5A83214A-1ED5-48CF-B29E-FC2DB251DFFE}.Release|x64.Build.0 = Release|Any CPU
		{5A83214A-1ED5-48CF-B29E-FC2DB251DFFE}.Release|x86.ActiveCfg = Release|Any CPU
		{5A83214A-1ED5-48CF-B29E-FC2DB251DFFE}.Release|x86.Build.0 = Release|Any CPU
	EndGlobalSection
	GlobalSection(SolutionProperties) = preSolution
		HideSolutionNode = FALSE
	EndGlobalSection
	GlobalSection(NestedProjects) = preSolution
		{F6CB92F9-18BA-48C0-AAB0-F4FAB2E767E1} = {629E70C3-503C-ED8D-D89C-9C8184ADA427}
		{7F5FBF22-7508-4A92-A300-4AF48F2B626A} = {2AD92386-79E5-699F-F58F-FD6FA6A6916E}
		{853D8ECC-CA25-4753-918B-691B4660CDC2} = {2420C803-290B-F142-B73B-E5BA85E34988}
		{9E92DBFB-AD41-4210-AD01-09B9293885EC} = {C263FC6A-B645-7249-9C52-1318A4A3D2CA}
		{29680E93-71BD-4586-813B-5BBE85DCD37F} = {C263FC6A-B645-7249-9C52-1318A4A3D2CA}
		{60B29F1C-7BD6-42E4-AF55-64A54B83C125} = {C263FC6A-B645-7249-9C52-1318A4A3D2CA}
		{A952FB1A-D7C2-41C7-BE89-26B8E1D661BC} = {3DE317BB-6F5C-8DC8-3308-7F794E1E843A}
		{F43E2940-1CDD-4B00-A24D-577E3A843BD6} = {02EA681E-C7D8-13C7-8484-4AC65E1B71E8}
		{3FDD42D4-D055-447A-B68D-8EDD7774212C} = {02EA681E-C7D8-13C7-8484-4AC65E1B71E8}
		{5A83214A-1ED5-48CF-B29E-FC2DB251DFFE} = {C263FC6A-B645-7249-9C52-1318A4A3D2CA}
	EndGlobalSection
	GlobalSection(ExtensibilityGlobals) = postSolution
		SolutionGuid = {FBACEDE3-06E5-4799-A2D3-D34B0F0F7A64}
	EndGlobalSection
EndGlobal
